
Microsoft Visual Studio Solution File, Format Version 12.00
# Visual Studio Version 17
VisualStudioVersion = 17.5.33516.290
MinimumVisualStudioVersion = 10.0.40219.1
Project("{9A19103F-16F7-4668-BE54-9A1E7A4F7556}") = "Blockcraft", "Blockcraft.csproj", "{70629F56-C1EF-4792-A78C-588F5F9D1C81}"
EndProject
Project("{9A19103F-16F7-4668-BE54-9A1E7A4F7556}") = "BlockcraftTests", "..\BlockcraftTests\BlockcraftTests.csproj", "{88A2E76D-6A85-448B-B8A7-DF8520B54708}"
EndProject
Global
	GlobalSection(SolutionConfigurationPlatforms) = preSolution
		Debug|Any CPU = Debug|Any CPU
		Debug|ARM = Debug|ARM
		Debug|ARM64 = Debug|ARM64
		Debug|x64 = Debug|x64
		Debug|x86 = Debug|x86
		Release|Any CPU = Release|Any CPU
		Release|ARM = Release|ARM
		Release|ARM64 = Release|ARM64
		Release|x64 = Release|x64
		Release|x86 = Release|x86
	EndGlobalSection
	GlobalSection(ProjectConfigurationPlatforms) = postSolution
		{70629F56-C1EF-4792-A78C-588F5F9D1C81}.Debug|Any CPU.ActiveCfg = Debug|Any CPU
		{70629F56-C1EF-4792-A78C-588F5F9D1C81}.Debug|Any CPU.Build.0 = Debug|Any CPU
		{70629F56-C1EF-4792-A78C-588F5F9D1C81}.Debug|ARM.ActiveCfg = Debug|Any CPU
		{70629F56-C1EF-4792-A78C-588F5F9D1C81}.Debug|ARM.Build.0 = Debug|Any CPU
		{70629F56-C1EF-4792-A78C-588F5F9D1C81}.Debug|ARM64.ActiveCfg = Debug|Any CPU
		{70629F56-C1EF-4792-A78C-588F5F9D1C81}.Debug|ARM64.Build.0 = Debug|Any CPU
		{70629F56-C1EF-4792-A78C-588F5F9D1C81}.Debug|x64.ActiveCfg = Debug|Any CPU
		{70629F56-C1EF-4792-A78C-588F5F9D1C81}.Debug|x64.Build.0 = Debug|Any CPU
		{70629F56-C1EF-4792-A78C-588F5F9D1C81}.Debug|x86.ActiveCfg = Debug|Any CPU
		{70629F56-C1EF-4792-A78C-588F5F9D1C81}.Debug|x86.Build.0 = Debug|Any CPU
		{70629F56-C1EF-4792-A78C-588F5F9D1C81}.Release|Any CPU.ActiveCfg = Release|Any CPU
		{70629F56-C1EF-4792-A78C-588F5F9D1C81}.Release|Any CPU.Build.0 = Release|Any CPU
		{70629F56-C1EF-4792-A78C-588F5F9D1C81}.Release|ARM.ActiveCfg = Release|Any CPU
		{70629F56-C1EF-4792-A78C-588F5F9D1C81}.Release|ARM.Build.0 = Release|Any CPU
		{70629F56-C1EF-4792-A78C-588F5F9D1C81}.Release|ARM64.ActiveCfg = Release|Any CPU
		{70629F56-C1EF-4792-A78C-588F5F9D1C81}.Release|ARM64.Build.0 = Release|Any CPU
		{70629F56-C1EF-4792-A78C-588F5F9D1C81}.Release|x64.ActiveCfg = Release|Any CPU
		{70629F56-C1EF-4792-A78C-588F5F9D1C81}.Release|x64.Build.0 = Release|Any CPU
		{70629F56-C1EF-4792-A78C-588F5F9D1C81}.Release|x86.ActiveCfg = Release|Any CPU
		{70629F56-C1EF-4792-A78C-588F5F9D1C81}.Release|x86.Build.0 = Release|Any CPU
		{88A2E76D-6A85-448B-B8A7-DF8520B54708}.Debug|Any CPU.ActiveCfg = Debug|Any CPU
		{88A2E76D-6A85-448B-B8A7-DF8520B54708}.Debug|Any CPU.Build.0 = Debug|Any CPU
		{88A2E76D-6A85-448B-B8A7-DF8520B54708}.Debug|ARM.ActiveCfg = Debug|Any CPU
		{88A2E76D-6A85-448B-B8A7-DF8520B54708}.Debug|ARM.Build.0 = Debug|Any CPU
		{88A2E76D-6A85-448B-B8A7-DF8520B54708}.Debug|ARM64.ActiveCfg = Debug|Any CPU
		{88A2E76D-6A85-448B-B8A7-DF8520B54708}.Debug|ARM64.Build.0 = Debug|Any CPU
		{88A2E76D-6A85-448B-B8A7-DF8520B54708}.Debug|x64.ActiveCfg = Debug|Any CPU
		{88A2E76D-6A85-448B-B8A7-DF8520B54708}.Debug|x64.Build.0 = Debug|Any CPU
		{88A2E76D-6A85-448B-B8A7-DF8520B54708}.Debug|x86.ActiveCfg = Debug|Any CPU
		{88A2E76D-6A85-448B-B8A7-DF8520B54708}.Debug|x86.Build.0 = Debug|Any CPU
		{88A2E76D-6A85-448B-B8A7-DF8520B54708}.Release|Any CPU.ActiveCfg = Release|Any CPU
		{88A2E76D-6A85-448B-B8A7-DF8520B54708}.Release|Any CPU.Build.0 = Release|Any CPU
		{88A2E76D-6A85-448B-B8A7-DF8520B54708}.Release|ARM.ActiveCfg = Release|Any CPU
		{88A2E76D-6A85-448B-B8A7-DF8520B54708}.Release|ARM.Build.0 = Release|Any CPU
		{88A2E76D-6A85-448B-B8A7-DF8520B54708}.Release|ARM64.ActiveCfg = Release|Any CPU
		{88A2E76D-6A85-448B-B8A7-DF8520B54708}.Release|ARM64.Build.0 = Release|Any CPU
		{88A2E76D-6A85-448B-B8A7-DF8520B54708}.Release|x64.ActiveCfg = Release|Any CPU
		{88A2E76D-6A85-448B-B8A7-DF8520B54708}.Release|x64.Build.0 = Release|Any CPU
		{88A2E76D-6A85-448B-B8A7-DF8520B54708}.Release|x86.ActiveCfg = Release|Any CPU
		{88A2E76D-6A85-448B-B8A7-DF8520B54708}.Release|x86.Build.0 = Release|Any CPU
	EndGlobalSection
	GlobalSection(SolutionProperties) = preSolution
		HideSolutionNode = FALSE
	EndGlobalSection
	GlobalSection(ExtensibilityGlobals) = postSolution
		SolutionGuid = {0F4B5442-9036-4456-86C3-E8FE3DEF11F0}
	EndGlobalSection
EndGlobal
